// !$*UTF8*$!
{
	archiveVersion = 1;
	classes = {
	};
	objectVersion = 46;
	objects = {

/* Begin PBXBuildFile section */
		4F4893801D3CDBF500672153 /* Reachability.m in Sources */ = {isa = PBXBuildFile; fileRef = 4F48937F1D3CDBF500672153 /* Reachability.m */; };
		4FACFB541D3C1C5700F626A1 /* AppDelegate.swift in Sources */ = {isa = PBXBuildFile; fileRef = 4FACFB531D3C1C5700F626A1 /* AppDelegate.swift */; };
		4FACFB561D3C1C5700F626A1 /* ViewController.swift in Sources */ = {isa = PBXBuildFile; fileRef = 4FACFB551D3C1C5700F626A1 /* ViewController.swift */; };
		4FACFB591D3C1C5700F626A1 /* Main.storyboard in Resources */ = {isa = PBXBuildFile; fileRef = 4FACFB571D3C1C5700F626A1 /* Main.storyboard */; };
		4FACFB5B1D3C1C5700F626A1 /* Assets.xcassets in Resources */ = {isa = PBXBuildFile; fileRef = 4FACFB5A1D3C1C5700F626A1 /* Assets.xcassets */; };
		4FACFB5E1D3C1C5700F626A1 /* LaunchScreen.storyboard in Resources */ = {isa = PBXBuildFile; fileRef = 4FACFB5C1D3C1C5700F626A1 /* LaunchScreen.storyboard */; };
		4FACFB691D3C1C5700F626A1 /* MusicVideoTests.swift in Sources */ = {isa = PBXBuildFile; fileRef = 4FACFB681D3C1C5700F626A1 /* MusicVideoTests.swift */; };
		4FACFB741D3C1C5700F626A1 /* MusicVideoUITests.swift in Sources */ = {isa = PBXBuildFile; fileRef = 4FACFB731D3C1C5700F626A1 /* MusicVideoUITests.swift */; };
		4FACFB861D3C1FBD00F626A1 /* APIManager.swift in Sources */ = {isa = PBXBuildFile; fileRef = 4FACFB851D3C1FBD00F626A1 /* APIManager.swift */; };
		4FACFB891D3C272300F626A1 /* Constants.swift in Sources */ = {isa = PBXBuildFile; fileRef = 4FACFB881D3C272300F626A1 /* Constants.swift */; };
		4FACFB8B1D3C279900F626A1 /* MusicVideo.swift in Sources */ = {isa = PBXBuildFile; fileRef = 4FACFB8A1D3C279900F626A1 /* MusicVideo.swift */; };
/* End PBXBuildFile section */

/* Begin PBXContainerItemProxy section */
		4FACFB651D3C1C5700F626A1 /* PBXContainerItemProxy */ = {
			isa = PBXContainerItemProxy;
			containerPortal = 4FACFB481D3C1C5700F626A1 /* Project object */;
			proxyType = 1;
			remoteGlobalIDString = 4FACFB4F1D3C1C5700F626A1;
			remoteInfo = MusicVideo;
		};
		4FACFB701D3C1C5700F626A1 /* PBXContainerItemProxy */ = {
			isa = PBXContainerItemProxy;
			containerPortal = 4FACFB481D3C1C5700F626A1 /* Project object */;
			proxyType = 1;
			remoteGlobalIDString = 4FACFB4F1D3C1C5700F626A1;
			remoteInfo = MusicVideo;
		};
/* End PBXContainerItemProxy section */

/* Begin PBXFileReference section */
		4F48937D1D3CDBF400672153 /* MusicVideo-Bridging-Header.h */ = {isa = PBXFileReference; lastKnownFileType = sourcecode.c.h; path = "MusicVideo-Bridging-Header.h"; sourceTree = "<group>"; };
		4F48937E1D3CDBF500672153 /* Reachability.h */ = {isa = PBXFileReference; fileEncoding = 4; lastKnownFileType = sourcecode.c.h; path = Reachability.h; sourceTree = "<group>"; };
		4F48937F1D3CDBF500672153 /* Reachability.m */ = {isa = PBXFileReference; fileEncoding = 4; lastKnownFileType = sourcecode.c.objc; path = Reachability.m; sourceTree = "<group>"; };
		4FACFB501D3C1C5700F626A1 /* MusicVideo.app */ = {isa = PBXFileReference; explicitFileType = wrapper.application; includeInIndex = 0; path = MusicVideo.app; sourceTree = BUILT_PRODUCTS_DIR; };
		4FACFB531D3C1C5700F626A1 /* AppDelegate.swift */ = {isa = PBXFileReference; lastKnownFileType = sourcecode.swift; path = AppDelegate.swift; sourceTree = "<group>"; };
		4FACFB551D3C1C5700F626A1 /* ViewController.swift */ = {isa = PBXFileReference; lastKnownFileType = sourcecode.swift; path = ViewController.swift; sourceTree = "<group>"; };
		4FACFB581D3C1C5700F626A1 /* Base */ = {isa = PBXFileReference; lastKnownFileType = file.storyboard; name = Base; path = Base.lproj/Main.storyboard; sourceTree = "<group>"; };
		4FACFB5A1D3C1C5700F626A1 /* Assets.xcassets */ = {isa = PBXFileReference; lastKnownFileType = folder.assetcatalog; name = Assets.xcassets; path = ../Assets.xcassets; sourceTree = "<group>"; };
		4FACFB5D1D3C1C5700F626A1 /* Base */ = {isa = PBXFileReference; lastKnownFileType = file.storyboard; name = Base; path = Base.lproj/LaunchScreen.storyboard; sourceTree = "<group>"; };
		4FACFB5F1D3C1C5700F626A1 /* Info.plist */ = {isa = PBXFileReference; lastKnownFileType = text.plist.xml; path = Info.plist; sourceTree = "<group>"; };
		4FACFB641D3C1C5700F626A1 /* MusicVideoTests.xctest */ = {isa = PBXFileReference; explicitFileType = wrapper.cfbundle; includeInIndex = 0; path = MusicVideoTests.xctest; sourceTree = BUILT_PRODUCTS_DIR; };
		4FACFB681D3C1C5700F626A1 /* MusicVideoTests.swift */ = {isa = PBXFileReference; lastKnownFileType = sourcecode.swift; path = MusicVideoTests.swift; sourceTree = "<group>"; };
		4FACFB6A1D3C1C5700F626A1 /* Info.plist */ = {isa = PBXFileReference; lastKnownFileType = text.plist.xml; path = Info.plist; sourceTree = "<group>"; };
		4FACFB6F1D3C1C5700F626A1 /* MusicVideoUITests.xctest */ = {isa = PBXFileReference; explicitFileType = wrapper.cfbundle; includeInIndex = 0; path = MusicVideoUITests.xctest; sourceTree = BUILT_PRODUCTS_DIR; };
		4FACFB731D3C1C5700F626A1 /* MusicVideoUITests.swift */ = {isa = PBXFileReference; lastKnownFileType = sourcecode.swift; path = MusicVideoUITests.swift; sourceTree = "<group>"; };
		4FACFB751D3C1C5700F626A1 /* Info.plist */ = {isa = PBXFileReference; lastKnownFileType = text.plist.xml; path = Info.plist; sourceTree = "<group>"; };
		4FACFB851D3C1FBD00F626A1 /* APIManager.swift */ = {isa = PBXFileReference; fileEncoding = 4; lastKnownFileType = sourcecode.swift; path = APIManager.swift; sourceTree = "<group>"; };
		4FACFB881D3C272300F626A1 /* Constants.swift */ = {isa = PBXFileReference; fileEncoding = 4; lastKnownFileType = sourcecode.swift; path = Constants.swift; sourceTree = "<group>"; };
		4FACFB8A1D3C279900F626A1 /* MusicVideo.swift */ = {isa = PBXFileReference; fileEncoding = 4; lastKnownFileType = sourcecode.swift; path = MusicVideo.swift; sourceTree = "<group>"; };
/* End PBXFileReference section */

/* Begin PBXFrameworksBuildPhase section */
		4FACFB4D1D3C1C5700F626A1 /* Frameworks */ = {
			isa = PBXFrameworksBuildPhase;
			buildActionMask = 2147483647;
			files = (
			);
			runOnlyForDeploymentPostprocessing = 0;
		};
		4FACFB611D3C1C5700F626A1 /* Frameworks */ = {
			isa = PBXFrameworksBuildPhase;
			buildActionMask = 2147483647;
			files = (
			);
			runOnlyForDeploymentPostprocessing = 0;
		};
		4FACFB6C1D3C1C5700F626A1 /* Frameworks */ = {
			isa = PBXFrameworksBuildPhase;
			buildActionMask = 2147483647;
			files = (
			);
			runOnlyForDeploymentPostprocessing = 0;
		};
/* End PBXFrameworksBuildPhase section */

/* Begin PBXGroup section */
		4F48937C1D3CDB3B00672153 /* Obj-C */ = {
			isa = PBXGroup;
			children = (
				4F48937E1D3CDBF500672153 /* Reachability.h */,
				4F48937F1D3CDBF500672153 /* Reachability.m */,
				4F48937D1D3CDBF400672153 /* MusicVideo-Bridging-Header.h */,
			);
			path = "Obj-C";
			sourceTree = "<group>";
		};
		4FACFB471D3C1C5700F626A1 = {
			isa = PBXGroup;
			children = (
				4FACFB521D3C1C5700F626A1 /* MusicVideo */,
				4FACFB671D3C1C5700F626A1 /* MusicVideoTests */,
				4FACFB721D3C1C5700F626A1 /* MusicVideoUITests */,
				4FACFB511D3C1C5700F626A1 /* Products */,
			);
			sourceTree = "<group>";
		};
		4FACFB511D3C1C5700F626A1 /* Products */ = {
			isa = PBXGroup;
			children = (
				4FACFB501D3C1C5700F626A1 /* MusicVideo.app */,
				4FACFB641D3C1C5700F626A1 /* MusicVideoTests.xctest */,
				4FACFB6F1D3C1C5700F626A1 /* MusicVideoUITests.xctest */,
			);
			name = Products;
			sourceTree = "<group>";
		};
		4FACFB521D3C1C5700F626A1 /* MusicVideo */ = {
			isa = PBXGroup;
			children = (
				4F48937C1D3CDB3B00672153 /* Obj-C */,
				4FACFB841D3C1EF800F626A1 /* Supporting Files */,
				4FACFB871D3C26FA00F626A1 /* Utils */,
				4FACFB811D3C1EE600F626A1 /* Model */,
				4FACFB821D3C1EEB00F626A1 /* Controller */,
				4FACFB831D3C1EF400F626A1 /* View */,
			);
			path = MusicVideo;
			sourceTree = "<group>";
		};
		4FACFB671D3C1C5700F626A1 /* MusicVideoTests */ = {
			isa = PBXGroup;
			children = (
				4FACFB681D3C1C5700F626A1 /* MusicVideoTests.swift */,
				4FACFB6A1D3C1C5700F626A1 /* Info.plist */,
			);
			path = MusicVideoTests;
			sourceTree = "<group>";
		};
		4FACFB721D3C1C5700F626A1 /* MusicVideoUITests */ = {
			isa = PBXGroup;
			children = (
				4FACFB731D3C1C5700F626A1 /* MusicVideoUITests.swift */,
				4FACFB751D3C1C5700F626A1 /* Info.plist */,
			);
			path = MusicVideoUITests;
			sourceTree = "<group>";
		};
		4FACFB811D3C1EE600F626A1 /* Model */ = {
			isa = PBXGroup;
			children = (
				4FACFB851D3C1FBD00F626A1 /* APIManager.swift */,
				4FACFB8A1D3C279900F626A1 /* MusicVideo.swift */,
			);
			path = Model;
			sourceTree = "<group>";
		};
		4FACFB821D3C1EEB00F626A1 /* Controller */ = {
			isa = PBXGroup;
			children = (
				4FACFB551D3C1C5700F626A1 /* ViewController.swift */,
			);
			path = Controller;
			sourceTree = "<group>";
		};
		4FACFB831D3C1EF400F626A1 /* View */ = {
			isa = PBXGroup;
			children = (
				4FACFB5C1D3C1C5700F626A1 /* LaunchScreen.storyboard */,
				4FACFB571D3C1C5700F626A1 /* Main.storyboard */,
			);
			path = View;
			sourceTree = "<group>";
		};
		4FACFB841D3C1EF800F626A1 /* Supporting Files */ = {
			isa = PBXGroup;
			children = (
				4FACFB5A1D3C1C5700F626A1 /* Assets.xcassets */,
				4FACFB531D3C1C5700F626A1 /* AppDelegate.swift */,
				4FACFB5F1D3C1C5700F626A1 /* Info.plist */,
			);
			path = "Supporting Files";
			sourceTree = "<group>";
		};
		4FACFB871D3C26FA00F626A1 /* Utils */ = {
			isa = PBXGroup;
			children = (
				4FACFB881D3C272300F626A1 /* Constants.swift */,
			);
			path = Utils;
			sourceTree = "<group>";
		};
/* End PBXGroup section */

/* Begin PBXNativeTarget section */
		4FACFB4F1D3C1C5700F626A1 /* MusicVideo */ = {
			isa = PBXNativeTarget;
			buildConfigurationList = 4FACFB781D3C1C5700F626A1 /* Build configuration list for PBXNativeTarget "MusicVideo" */;
			buildPhases = (
				4FACFB4C1D3C1C5700F626A1 /* Sources */,
				4FACFB4D1D3C1C5700F626A1 /* Frameworks */,
				4FACFB4E1D3C1C5700F626A1 /* Resources */,
			);
			buildRules = (
			);
			dependencies = (
			);
			name = MusicVideo;
			productName = MusicVideo;
			productReference = 4FACFB501D3C1C5700F626A1 /* MusicVideo.app */;
			productType = "com.apple.product-type.application";
		};
		4FACFB631D3C1C5700F626A1 /* MusicVideoTests */ = {
			isa = PBXNativeTarget;
			buildConfigurationList = 4FACFB7B1D3C1C5700F626A1 /* Build configuration list for PBXNativeTarget "MusicVideoTests" */;
			buildPhases = (
				4FACFB601D3C1C5700F626A1 /* Sources */,
				4FACFB611D3C1C5700F626A1 /* Frameworks */,
				4FACFB621D3C1C5700F626A1 /* Resources */,
			);
			buildRules = (
			);
			dependencies = (
				4FACFB661D3C1C5700F626A1 /* PBXTargetDependency */,
			);
			name = MusicVideoTests;
			productName = MusicVideoTests;
			productReference = 4FACFB641D3C1C5700F626A1 /* MusicVideoTests.xctest */;
			productType = "com.apple.product-type.bundle.unit-test";
		};
		4FACFB6E1D3C1C5700F626A1 /* MusicVideoUITests */ = {
			isa = PBXNativeTarget;
			buildConfigurationList = 4FACFB7E1D3C1C5700F626A1 /* Build configuration list for PBXNativeTarget "MusicVideoUITests" */;
			buildPhases = (
				4FACFB6B1D3C1C5700F626A1 /* Sources */,
				4FACFB6C1D3C1C5700F626A1 /* Frameworks */,
				4FACFB6D1D3C1C5700F626A1 /* Resources */,
			);
			buildRules = (
			);
			dependencies = (
				4FACFB711D3C1C5700F626A1 /* PBXTargetDependency */,
			);
			name = MusicVideoUITests;
			productName = MusicVideoUITests;
			productReference = 4FACFB6F1D3C1C5700F626A1 /* MusicVideoUITests.xctest */;
			productType = "com.apple.product-type.bundle.ui-testing";
		};
/* End PBXNativeTarget section */

/* Begin PBXProject section */
		4FACFB481D3C1C5700F626A1 /* Project object */ = {
			isa = PBXProject;
			attributes = {
				LastSwiftUpdateCheck = 0730;
				LastUpgradeCheck = 0730;
				ORGANIZATIONNAME = "Nikola Majcen";
				TargetAttributes = {
					4FACFB4F1D3C1C5700F626A1 = {
						CreatedOnToolsVersion = 7.3.1;
						DevelopmentTeam = UR88X5AHVX;
					};
					4FACFB631D3C1C5700F626A1 = {
						CreatedOnToolsVersion = 7.3.1;
						TestTargetID = 4FACFB4F1D3C1C5700F626A1;
					};
					4FACFB6E1D3C1C5700F626A1 = {
						CreatedOnToolsVersion = 7.3.1;
						TestTargetID = 4FACFB4F1D3C1C5700F626A1;
					};
				};
			};
			buildConfigurationList = 4FACFB4B1D3C1C5700F626A1 /* Build configuration list for PBXProject "MusicVideo" */;
			compatibilityVersion = "Xcode 3.2";
			developmentRegion = English;
			hasScannedForEncodings = 0;
			knownRegions = (
				en,
				Base,
			);
			mainGroup = 4FACFB471D3C1C5700F626A1;
			productRefGroup = 4FACFB511D3C1C5700F626A1 /* Products */;
			projectDirPath = "";
			projectRoot = "";
			targets = (
				4FACFB4F1D3C1C5700F626A1 /* MusicVideo */,
				4FACFB631D3C1C5700F626A1 /* MusicVideoTests */,
				4FACFB6E1D3C1C5700F626A1 /* MusicVideoUITests */,
			);
		};
/* End PBXProject section */

/* Begin PBXResourcesBuildPhase section */
		4FACFB4E1D3C1C5700F626A1 /* Resources */ = {
			isa = PBXResourcesBuildPhase;
			buildActionMask = 2147483647;
			files = (
				4FACFB5E1D3C1C5700F626A1 /* LaunchScreen.storyboard in Resources */,
				4FACFB5B1D3C1C5700F626A1 /* Assets.xcassets in Resources */,
				4FACFB591D3C1C5700F626A1 /* Main.storyboard in Resources */,
			);
			runOnlyForDeploymentPostprocessing = 0;
		};
		4FACFB621D3C1C5700F626A1 /* Resources */ = {
			isa = PBXResourcesBuildPhase;
			buildActionMask = 2147483647;
			files = (
			);
			runOnlyForDeploymentPostprocessing = 0;
		};
		4FACFB6D1D3C1C5700F626A1 /* Resources */ = {
			isa = PBXResourcesBuildPhase;
			buildActionMask = 2147483647;
			files = (
			);
			runOnlyForDeploymentPostprocessing = 0;
		};
/* End PBXResourcesBuildPhase section */

/* Begin PBXSourcesBuildPhase section */
		4FACFB4C1D3C1C5700F626A1 /* Sources */ = {
			isa = PBXSourcesBuildPhase;
			buildActionMask = 2147483647;
			files = (
				4FACFB861D3C1FBD00F626A1 /* APIManager.swift in Sources */,
				4FACFB561D3C1C5700F626A1 /* ViewController.swift in Sources */,
				4FACFB8B1D3C279900F626A1 /* MusicVideo.swift in Sources */,
				4FACFB541D3C1C5700F626A1 /* AppDelegate.swift in Sources */,
				4F4893801D3CDBF500672153 /* Reachability.m in Sources */,
				4FACFB891D3C272300F626A1 /* Constants.swift in Sources */,
			);
			runOnlyForDeploymentPostprocessing = 0;
		};
		4FACFB601D3C1C5700F626A1 /* Sources */ = {
			isa = PBXSourcesBuildPhase;
			buildActionMask = 2147483647;
			files = (
				4FACFB691D3C1C5700F626A1 /* MusicVideoTests.swift in Sources */,
			);
			runOnlyForDeploymentPostprocessing = 0;
		};
		4FACFB6B1D3C1C5700F626A1 /* Sources */ = {
			isa = PBXSourcesBuildPhase;
			buildActionMask = 2147483647;
			files = (
				4FACFB741D3C1C5700F626A1 /* MusicVideoUITests.swift in Sources */,
			);
			runOnlyForDeploymentPostprocessing = 0;
		};
/* End PBXSourcesBuildPhase section */

/* Begin PBXTargetDependency section */
		4FACFB661D3C1C5700F626A1 /* PBXTargetDependency */ = {
			isa = PBXTargetDependency;
			target = 4FACFB4F1D3C1C5700F626A1 /* MusicVideo */;
			targetProxy = 4FACFB651D3C1C5700F626A1 /* PBXContainerItemProxy */;
		};
		4FACFB711D3C1C5700F626A1 /* PBXTargetDependency */ = {
			isa = PBXTargetDependency;
			target = 4FACFB4F1D3C1C5700F626A1 /* MusicVideo */;
			targetProxy = 4FACFB701D3C1C5700F626A1 /* PBXContainerItemProxy */;
		};
/* End PBXTargetDependency section */

/* Begin PBXVariantGroup section */
		4FACFB571D3C1C5700F626A1 /* Main.storyboard */ = {
			isa = PBXVariantGroup;
			children = (
				4FACFB581D3C1C5700F626A1 /* Base */,
			);
			name = Main.storyboard;
			path = ..;
			sourceTree = "<group>";
		};
		4FACFB5C1D3C1C5700F626A1 /* LaunchScreen.storyboard */ = {
			isa = PBXVariantGroup;
			children = (
				4FACFB5D1D3C1C5700F626A1 /* Base */,
			);
			name = LaunchScreen.storyboard;
			path = ..;
			sourceTree = "<group>";
		};
/* End PBXVariantGroup section */

/* Begin XCBuildConfiguration section */
		4FACFB761D3C1C5700F626A1 /* Debug */ = {
			isa = XCBuildConfiguration;
			buildSettings = {
				ALWAYS_SEARCH_USER_PATHS = NO;
				CLANG_ANALYZER_NONNULL = YES;
				CLANG_CXX_LANGUAGE_STANDARD = "gnu++0x";
				CLANG_CXX_LIBRARY = "libc++";
				CLANG_ENABLE_MODULES = YES;
				CLANG_ENABLE_OBJC_ARC = YES;
				CLANG_WARN_BOOL_CONVERSION = YES;
				CLANG_WARN_CONSTANT_CONVERSION = YES;
				CLANG_WARN_DIRECT_OBJC_ISA_USAGE = YES_ERROR;
				CLANG_WARN_EMPTY_BODY = YES;
				CLANG_WARN_ENUM_CONVERSION = YES;
				CLANG_WARN_INT_CONVERSION = YES;
				CLANG_WARN_OBJC_ROOT_CLASS = YES_ERROR;
				CLANG_WARN_UNREACHABLE_CODE = YES;
				CLANG_WARN__DUPLICATE_METHOD_MATCH = YES;
				"CODE_SIGN_IDENTITY[sdk=iphoneos*]" = "iPhone Developer";
				COPY_PHASE_STRIP = NO;
				DEBUG_INFORMATION_FORMAT = dwarf;
				ENABLE_STRICT_OBJC_MSGSEND = YES;
				ENABLE_TESTABILITY = YES;
				GCC_C_LANGUAGE_STANDARD = gnu99;
				GCC_DYNAMIC_NO_PIC = NO;
				GCC_NO_COMMON_BLOCKS = YES;
				GCC_OPTIMIZATION_LEVEL = 0;
				GCC_PREPROCESSOR_DEFINITIONS = (
					"DEBUG=1",
					"$(inherited)",
				);
				GCC_WARN_64_TO_32_BIT_CONVERSION = YES;
				GCC_WARN_ABOUT_RETURN_TYPE = YES_ERROR;
				GCC_WARN_UNDECLARED_SELECTOR = YES;
				GCC_WARN_UNINITIALIZED_AUTOS = YES_AGGRESSIVE;
				GCC_WARN_UNUSED_FUNCTION = YES;
				GCC_WARN_UNUSED_VARIABLE = YES;
				IPHONEOS_DEPLOYMENT_TARGET = 9.3;
				MTL_ENABLE_DEBUG_INFO = YES;
				ONLY_ACTIVE_ARCH = YES;
				SDKROOT = iphoneos;
				SWIFT_OPTIMIZATION_LEVEL = "-Onone";
				TARGETED_DEVICE_FAMILY = "1,2";
			};
			name = Debug;
		};
		4FACFB771D3C1C5700F626A1 /* Release */ = {
			isa = XCBuildConfiguration;
			buildSettings = {
				ALWAYS_SEARCH_USER_PATHS = NO;
				CLANG_ANALYZER_NONNULL = YES;
				CLANG_CXX_LANGUAGE_STANDARD = "gnu++0x";
				CLANG_CXX_LIBRARY = "libc++";
				CLANG_ENABLE_MODULES = YES;
				CLANG_ENABLE_OBJC_ARC = YES;
				CLANG_WARN_BOOL_CONVERSION = YES;
				CLANG_WARN_CONSTANT_CONVERSION = YES;
				CLANG_WARN_DIRECT_OBJC_ISA_USAGE = YES_ERROR;
				CLANG_WARN_EMPTY_BODY = YES;
				CLANG_WARN_ENUM_CONVERSION = YES;
				CLANG_WARN_INT_CONVERSION = YES;
				CLANG_WARN_OBJC_ROOT_CLASS = YES_ERROR;
				CLANG_WARN_UNREACHABLE_CODE = YES;
				CLANG_WARN__DUPLICATE_METHOD_MATCH = YES;
				"CODE_SIGN_IDENTITY[sdk=iphoneos*]" = "iPhone Developer";
				COPY_PHASE_STRIP = NO;
				DEBUG_INFORMATION_FORMAT = "dwarf-with-dsym";
				ENABLE_NS_ASSERTIONS = NO;
				ENABLE_STRICT_OBJC_MSGSEND = YES;
				GCC_C_LANGUAGE_STANDARD = gnu99;
				GCC_NO_COMMON_BLOCKS = YES;
				GCC_WARN_64_TO_32_BIT_CONVERSION = YES;
				GCC_WARN_ABOUT_RETURN_TYPE = YES_ERROR;
				GCC_WARN_UNDECLARED_SELECTOR = YES;
				GCC_WARN_UNINITIALIZED_AUTOS = YES_AGGRESSIVE;
				GCC_WARN_UNUSED_FUNCTION = YES;
				GCC_WARN_UNUSED_VARIABLE = YES;
				IPHONEOS_DEPLOYMENT_TARGET = 9.3;
				MTL_ENABLE_DEBUG_INFO = NO;
				SDKROOT = iphoneos;
				TARGETED_DEVICE_FAMILY = "1,2";
				VALIDATE_PRODUCT = YES;
			};
			name = Release;
		};
		4FACFB791D3C1C5700F626A1 /* Debug */ = {
			isa = XCBuildConfiguration;
			buildSettings = {
				ASSETCATALOG_COMPILER_APPICON_NAME = AppIcon;
				CLANG_ENABLE_MODULES = YES;
				CODE_SIGN_IDENTITY = "iPhone Developer";
				"CODE_SIGN_IDENTITY[sdk=iphoneos*]" = "iPhone Developer";
				INFOPLIST_FILE = "$(SRCROOT)/MusicVideo/Supporting Files/Info.plist";
				LD_RUNPATH_SEARCH_PATHS = "$(inherited) @executable_path/Frameworks";
				PRODUCT_BUNDLE_IDENTIFIER = com.nikolamajcen.MusicVideo;
				PRODUCT_NAME = "$(TARGET_NAME)";
				PROVISIONING_PROFILE = "";
				SWIFT_OBJC_BRIDGING_HEADER = "MusicVideo/Obj-C/MusicVideo-Bridging-Header.h";
				SWIFT_OPTIMIZATION_LEVEL = "-Onone";
			};
			name = Debug;
		};
		4FACFB7A1D3C1C5700F626A1 /* Release */ = {
			isa = XCBuildConfiguration;
			buildSettings = {
				ASSETCATALOG_COMPILER_APPICON_NAME = AppIcon;
				CLANG_ENABLE_MODULES = YES;
				CODE_SIGN_IDENTITY = "iPhone Developer";
				"CODE_SIGN_IDENTITY[sdk=iphoneos*]" = "iPhone Developer";
				INFOPLIST_FILE = "$(SRCROOT)/MusicVideo/Supporting Files/Info.plist";
				LD_RUNPATH_SEARCH_PATHS = "$(inherited) @executable_path/Frameworks";
				PRODUCT_BUNDLE_IDENTIFIER = com.nikolamajcen.MusicVideo;
				PRODUCT_NAME = "$(TARGET_NAME)";
				PROVISIONING_PROFILE = "";
				SWIFT_OBJC_BRIDGING_HEADER = "MusicVideo/Obj-C/MusicVideo-Bridging-Header.h";
			};
			name = Release;
		};
		4FACFB7C1D3C1C5700F626A1 /* Debug */ = {
			isa = XCBuildConfiguration;
			buildSettings = {
				BUNDLE_LOADER = "$(TEST_HOST)";
				INFOPLIST_FILE = MusicVideoTests/Info.plist;
				LD_RUNPATH_SEARCH_PATHS = "$(inherited) @executable_path/Frameworks @loader_path/Frameworks";
				PRODUCT_BUNDLE_IDENTIFIER = com.nikolamajcen.MusicVideoTests;
				PRODUCT_NAME = "$(TARGET_NAME)";
				TEST_HOST = "$(BUILT_PRODUCTS_DIR)/MusicVideo.app/MusicVideo";
			};
			name = Debug;
		};
		4FACFB7D1D3C1C5700F626A1 /* Release */ = {
			isa = XCBuildConfiguration;
			buildSettings = {
				BUNDLE_LOADER = "$(TEST_HOST)";
				INFOPLIST_FILE = MusicVideoTests/Info.plist;
				LD_RUNPATH_SEARCH_PATHS = "$(inherited) @executable_path/Frameworks @loader_path/Frameworks";
				PRODUCT_BUNDLE_IDENTIFIER = com.nikolamajcen.MusicVideoTests;
				PRODUCT_NAME = "$(TARGET_NAME)";
				TEST_HOST = "$(BUILT_PRODUCTS_DIR)/MusicVideo.app/MusicVideo";
			};
			name = Release;
		};
		4FACFB7F1D3C1C5700F626A1 /* Debug */ = {
			isa = XCBuildConfiguration;
			buildSettings = {
				INFOPLIST_FILE = MusicVideoUITests/Info.plist;
				LD_RUNPATH_SEARCH_PATHS = "$(inherited) @executable_path/Frameworks @loader_path/Frameworks";
				PRODUCT_BUNDLE_IDENTIFIER = com.nikolamajcen.MusicVideoUITests;
				PRODUCT_NAME = "$(TARGET_NAME)";
				TEST_TARGET_NAME = MusicVideo;
			};
			name = Debug;
		};
		4FACFB801D3C1C5700F626A1 /* Release */ = {
			isa = XCBuildConfiguration;
			buildSettings = {
				INFOPLIST_FILE = MusicVideoUITests/Info.plist;
				LD_RUNPATH_SEARCH_PATHS = "$(inherited) @executable_path/Frameworks @loader_path/Frameworks";
				PRODUCT_BUNDLE_IDENTIFIER = com.nikolamajcen.MusicVideoUITests;
				PRODUCT_NAME = "$(TARGET_NAME)";
				TEST_TARGET_NAME = MusicVideo;
			};
			name = Release;
		};
/* End XCBuildConfiguration section */

/* Begin XCConfigurationList section */
		4FACFB4B1D3C1C5700F626A1 /* Build configuration list for PBXProject "MusicVideo" */ = {
			isa = XCConfigurationList;
			buildConfigurations = (
				4FACFB761D3C1C5700F626A1 /* Debug */,
				4FACFB771D3C1C5700F626A1 /* Release */,
			);
			defaultConfigurationIsVisible = 0;
			defaultConfigurationName = Release;
		};
		4FACFB781D3C1C5700F626A1 /* Build configuration list for PBXNativeTarget "MusicVideo" */ = {
			isa = XCConfigurationList;
			buildConfigurations = (
				4FACFB791D3C1C5700F626A1 /* Debug */,
				4FACFB7A1D3C1C5700F626A1 /* Release */,
			);
			defaultConfigurationIsVisible = 0;
			defaultConfigurationName = Release;
		};
		4FACFB7B1D3C1C5700F626A1 /* Build configuration list for PBXNativeTarget "MusicVideoTests" */ = {
			isa = XCConfigurationList;
			buildConfigurations = (
				4FACFB7C1D3C1C5700F626A1 /* Debug */,
				4FACFB7D1D3C1C5700F626A1 /* Release */,
			);
			defaultConfigurationIsVisible = 0;
			defaultConfigurationName = Release;
		};
		4FACFB7E1D3C1C5700F626A1 /* Build configuration list for PBXNativeTarget "MusicVideoUITests" */ = {
			isa = XCConfigurationList;
			buildConfigurations = (
				4FACFB7F1D3C1C5700F626A1 /* Debug */,
				4FACFB801D3C1C5700F626A1 /* Release */,
			);
			defaultConfigurationIsVisible = 0;
			defaultConfigurationName = Release;
		};
/* End XCConfigurationList section */
	};
	rootObject = 4FACFB481D3C1C5700F626A1 /* Project object */;
}
